// !$*UTF8*$!
{
	archiveVersion = 1;
	classes = {
	};
	objectVersion = 56;
	objects = {

/* Begin PBXBuildFile section */
		9E14D0BD2A8A7DAC005E0BC0 /* NotificationHandler.swift in Sources */ = {isa = PBXBuildFile; fileRef = 9E14D0BC2A8A7DAC005E0BC0 /* NotificationHandler.swift */; };
		9E14D0BF2A8A8C28005E0BC0 /* FinalPreview.swift in Sources */ = {isa = PBXBuildFile; fileRef = 9E14D0BE2A8A8C28005E0BC0 /* FinalPreview.swift */; };
		9E14D0C32A8BF487005E0BC0 /* NotificationView.swift in Sources */ = {isa = PBXBuildFile; fileRef = 9E14D0C22A8BF487005E0BC0 /* NotificationView.swift */; };
		9E14D0C52A8C20A6005E0BC0 /* ApearanceView.swift in Sources */ = {isa = PBXBuildFile; fileRef = 9E14D0C42A8C20A6005E0BC0 /* ApearanceView.swift */; };
		9E1E399A2AD4E339006186DD /* Models.swift in Sources */ = {isa = PBXBuildFile; fileRef = 9E1E39992AD4E339006186DD /* Models.swift */; };
		9E3CFF1E2A6878EB0087AFD0 /* TopTabBar.swift in Sources */ = {isa = PBXBuildFile; fileRef = 9E3CFF1D2A6878EB0087AFD0 /* TopTabBar.swift */; };
		9E3CFF212A688E5C0087AFD0 /* CurrentPersonView.swift in Sources */ = {isa = PBXBuildFile; fileRef = 9E3CFF202A688E5C0087AFD0 /* CurrentPersonView.swift */; };
		9E44BEFC2A58E09F0059C56C /* GoogleService-Info.plist in Resources */ = {isa = PBXBuildFile; fileRef = 9E44BEFB2A58E09F0059C56C /* GoogleService-Info.plist */; };
		9E44BEFE2A5A0D6D0059C56C /* LoginPage.swift in Sources */ = {isa = PBXBuildFile; fileRef = 9E44BEFD2A5A0D6D0059C56C /* LoginPage.swift */; };
		9E45B8AA2A87CFC1002D9AF1 /* CameraView.swift in Sources */ = {isa = PBXBuildFile; fileRef = 9E45B8A92A87CFC1002D9AF1 /* CameraView.swift */; };
		9E45B8AC2A87D2CE002D9AF1 /* FrontVideoView.swift in Sources */ = {isa = PBXBuildFile; fileRef = 9E45B8AB2A87D2CE002D9AF1 /* FrontVideoView.swift */; };
		9E4FD3C42A4C92FB00D46FB8 /* AppView.swift in Sources */ = {isa = PBXBuildFile; fileRef = 9E4FD3C32A4C92FB00D46FB8 /* AppView.swift */; };
		9E563AD32A61A90900F5E52B /* ImagePicker.swift in Sources */ = {isa = PBXBuildFile; fileRef = 9E563AD22A61A90900F5E52B /* ImagePicker.swift */; };
		9E5661862AE2161C0076591B /* AllPeopleView.swift in Sources */ = {isa = PBXBuildFile; fileRef = 9E5661852AE2161C0076591B /* AllPeopleView.swift */; };
		9E56618C2AE366840076591B /* PeopleView.swift in Sources */ = {isa = PBXBuildFile; fileRef = 9E56618B2AE366840076591B /* PeopleView.swift */; };
		9E56618E2AE369340076591B /* LikedPeopleView.swift in Sources */ = {isa = PBXBuildFile; fileRef = 9E56618D2AE369340076591B /* LikedPeopleView.swift */; };
		9E5661902AE379A50076591B /* ShakeReportView.swift in Sources */ = {isa = PBXBuildFile; fileRef = 9E56618F2AE379A50076591B /* ShakeReportView.swift */; };
		9E5661922AE44D2C0076591B /* DonePeople.swift in Sources */ = {isa = PBXBuildFile; fileRef = 9E5661912AE44D2C0076591B /* DonePeople.swift */; };
		9E5661942AE5EBB30076591B /* GoogleAuth.swift in Sources */ = {isa = PBXBuildFile; fileRef = 9E5661932AE5EBB30076591B /* GoogleAuth.swift */; };
		9E5A17B72B0EE88600F2A801 /* NotificationsInfo.swift in Sources */ = {isa = PBXBuildFile; fileRef = 9E5A17B62B0EE88600F2A801 /* NotificationsInfo.swift */; };
		9E5A17B92B12E51400F2A801 /* Buttons.swift in Sources */ = {isa = PBXBuildFile; fileRef = 9E5A17B82B12E51400F2A801 /* Buttons.swift */; };
		9E5A17BC2B165C8900F2A801 /* AchievementsMainView.swift in Sources */ = {isa = PBXBuildFile; fileRef = 9E5A17BB2B165C8900F2A801 /* AchievementsMainView.swift */; };
		9E5A17BE2B16726600F2A801 /* AchievementsItem.swift in Sources */ = {isa = PBXBuildFile; fileRef = 9E5A17BD2B16726600F2A801 /* AchievementsItem.swift */; };
		9E5A17C32B17C84100F2A801 /* PublishedVariebles.swift in Sources */ = {isa = PBXBuildFile; fileRef = 9E5A17C22B17C84100F2A801 /* PublishedVariebles.swift */; };
		9E65DA772A64F017000C87FB /* IndexView.swift in Sources */ = {isa = PBXBuildFile; fileRef = 9E65DA762A64F017000C87FB /* IndexView.swift */; };
		9E65DA792A658965000C87FB /* AppViewModel.swift in Sources */ = {isa = PBXBuildFile; fileRef = 9E65DA782A658965000C87FB /* AppViewModel.swift */; };
		9E6D32772AF06E5900B65178 /* WhyAuthenticateInfoView.swift in Sources */ = {isa = PBXBuildFile; fileRef = 9E6D32762AF06E5900B65178 /* WhyAuthenticateInfoView.swift */; };
		9E6D327B2AF09BAA00B65178 /* PeopleListView.swift in Sources */ = {isa = PBXBuildFile; fileRef = 9E6D327A2AF09BAA00B65178 /* PeopleListView.swift */; };
		9E6D327E2AF5550B00B65178 /* OAuth2 in Frameworks */ = {isa = PBXBuildFile; productRef = 9E6D327D2AF5550B00B65178 /* OAuth2 */; };
		9E6D32822AF832A400B65178 /* AddNotificationView.swift in Sources */ = {isa = PBXBuildFile; fileRef = 9E6D32812AF832A400B65178 /* AddNotificationView.swift */; };
		9E6D32842AFC3AB300B65178 /* ResetPasswordView.swift in Sources */ = {isa = PBXBuildFile; fileRef = 9E6D32832AFC3AB300B65178 /* ResetPasswordView.swift */; };
		9E6D32862B02D9CB00B65178 /* SettingsView.swift in Sources */ = {isa = PBXBuildFile; fileRef = 9E6D32852B02D9CB00B65178 /* SettingsView.swift */; };
		9E6D32882B02DAAE00B65178 /* ChangePasswordView.swift in Sources */ = {isa = PBXBuildFile; fileRef = 9E6D32872B02DAAE00B65178 /* ChangePasswordView.swift */; };
		9E6D328A2B05338500B65178 /* ViewOffsetKey.swift in Sources */ = {isa = PBXBuildFile; fileRef = 9E6D32892B05338500B65178 /* ViewOffsetKey.swift */; };
		9E6D328C2B05345500B65178 /* CustomTabBarItem.swift in Sources */ = {isa = PBXBuildFile; fileRef = 9E6D328B2B05345500B65178 /* CustomTabBarItem.swift */; };
		9E6D328F2B0A871200B65178 /* UsernameInfo.swift in Sources */ = {isa = PBXBuildFile; fileRef = 9E6D328E2B0A871200B65178 /* UsernameInfo.swift */; };
		9E6D32952B0C564C00B65178 /* CreateStageView.swift in Sources */ = {isa = PBXBuildFile; fileRef = 9E6D32932B0C564C00B65178 /* CreateStageView.swift */; };
		9E6D32962B0C564C00B65178 /* AllStagesView.swift in Sources */ = {isa = PBXBuildFile; fileRef = 9E6D32942B0C564C00B65178 /* AllStagesView.swift */; };
		9E6F9DFB2A4BC435009B72DC /* ChurchNotesApp.swift in Sources */ = {isa = PBXBuildFile; fileRef = 9E6F9DFA2A4BC435009B72DC /* ChurchNotesApp.swift */; };
		9E6F9DFF2A4BC436009B72DC /* Assets.xcassets in Resources */ = {isa = PBXBuildFile; fileRef = 9E6F9DFE2A4BC436009B72DC /* Assets.xcassets */; };
		9E6F9E022A4BC436009B72DC /* Preview Assets.xcassets in Resources */ = {isa = PBXBuildFile; fileRef = 9E6F9E012A4BC436009B72DC /* Preview Assets.xcassets */; };
		9E6F9E0B2A4BC994009B72DC /* Constants.swift in Sources */ = {isa = PBXBuildFile; fileRef = 9E6F9E0A2A4BC994009B72DC /* Constants.swift */; };
		9E6F9E132A4C6C33009B72DC /* ContentView.swift in Sources */ = {isa = PBXBuildFile; fileRef = 9E6F9E122A4C6C33009B72DC /* ContentView.swift */; };
		9E7282C82A5235D3004D6483 /* ItemView.swift in Sources */ = {isa = PBXBuildFile; fileRef = 9E7282C72A5235D3004D6483 /* ItemView.swift */; };
		9E7282D12A574399004D6483 /* WidgetKit.framework in Frameworks */ = {isa = PBXBuildFile; fileRef = 9EA7AB952A508D20004DB3BA /* WidgetKit.framework */; };
		9E7282D22A574399004D6483 /* SwiftUI.framework in Frameworks */ = {isa = PBXBuildFile; fileRef = 9EA7AB972A508D20004DB3BA /* SwiftUI.framework */; };
		9E7282D52A574399004D6483 /* WidgetBundle.swift in Sources */ = {isa = PBXBuildFile; fileRef = 9E7282D42A574399004D6483 /* WidgetBundle.swift */; };
		9E7282D72A574399004D6483 /* WidgetNote.swift in Sources */ = {isa = PBXBuildFile; fileRef = 9E7282D62A574399004D6483 /* WidgetNote.swift */; };
		9E7282D92A57439A004D6483 /* Assets.xcassets in Resources */ = {isa = PBXBuildFile; fileRef = 9E7282D82A57439A004D6483 /* Assets.xcassets */; };
		9E7282E52A57BB6D004D6483 /* ItemPersonView.swift in Sources */ = {isa = PBXBuildFile; fileRef = 9E7282E42A57BB6D004D6483 /* ItemPersonView.swift */; };
		9E7D0F952B22AF0A00F52051 /* RowPersonModel.swift in Sources */ = {isa = PBXBuildFile; fileRef = 9E7D0F942B22AF0A00F52051 /* RowPersonModel.swift */; };
		9E7D0F972B22DBB300F52051 /* SearchSlider.swift in Sources */ = {isa = PBXBuildFile; fileRef = 9E7D0F962B22DBB300F52051 /* SearchSlider.swift */; };
		9E86F45A2B0D358300993C74 /* EditStageView.swift in Sources */ = {isa = PBXBuildFile; fileRef = 9E86F4592B0D358300993C74 /* EditStageView.swift */; };
		9E871A542B3011EE00210802 /* NotificationsManager.swift in Sources */ = {isa = PBXBuildFile; fileRef = 9E871A532B3011EE00210802 /* NotificationsManager.swift */; };
		9E91BDAD2A93C4F5007DD52E /* DismissingKeyboard.swift in Sources */ = {isa = PBXBuildFile; fileRef = 9E91BDAC2A93C4F5007DD52E /* DismissingKeyboard.swift */; };
		9E9F659F2AE759CA00FF743A /* EditProfileView.swift in Sources */ = {isa = PBXBuildFile; fileRef = 9E9F659E2AE759CA00FF743A /* EditProfileView.swift */; };
		9EAB02D52A8FBC49005E3719 /* AddPersonView.swift in Sources */ = {isa = PBXBuildFile; fileRef = 9EAB02D42A8FBC49005E3719 /* AddPersonView.swift */; };
		9EAB02D82A8FD46F005E3719 /* NetworkMonitor.swift in Sources */ = {isa = PBXBuildFile; fileRef = 9EAB02D72A8FD46F005E3719 /* NetworkMonitor.swift */; };
		9ED6F2EE2A5093DE002568DF /* WidgetTaskModel.swift in Sources */ = {isa = PBXBuildFile; fileRef = 9ED6F2ED2A5093DE002568DF /* WidgetTaskModel.swift */; };
		9ED71CC22A9F7DCE00613AAD /* ShakeGesture.swift in Sources */ = {isa = PBXBuildFile; fileRef = 9ED71CC12A9F7DCE00613AAD /* ShakeGesture.swift */; };
		9ED71CC82A9FC0ED00613AAD /* SettingsPeopleView.swift in Sources */ = {isa = PBXBuildFile; fileRef = 9ED71CC72A9FC0ED00613AAD /* SettingsPeopleView.swift */; };
		9EFE52142B237A00001AFDB5 /* SearchView.swift in Sources */ = {isa = PBXBuildFile; fileRef = 9EFE52132B237A00001AFDB5 /* SearchView.swift */; };
		9EFE52162B238F58001AFDB5 /* ChangeEmailView.swift in Sources */ = {isa = PBXBuildFile; fileRef = 9EFE52152B238F58001AFDB5 /* ChangeEmailView.swift */; };
		9EFE521A2B2399F4001AFDB5 /* Localizable.strings in Resources */ = {isa = PBXBuildFile; fileRef = 9EFE521C2B2399F4001AFDB5 /* Localizable.strings */; };
		9EFE521E2B26A8D6001AFDB5 /* KeyboardResponder.swift in Sources */ = {isa = PBXBuildFile; fileRef = 9EFE521D2B26A8D6001AFDB5 /* KeyboardResponder.swift */; };
		E144702C1C07938D3169463A /* Pods_ChurchNotes.framework in Frameworks */ = {isa = PBXBuildFile; fileRef = 359489A0CB187CF1DD7C3238 /* Pods_ChurchNotes.framework */; };
/* End PBXBuildFile section */

/* Begin PBXFileReference section */
		1C78EE6BAC6DDC6A8A124D5F /* Pods-ChurchNotes.debug.xcconfig */ = {isa = PBXFileReference; includeInIndex = 1; lastKnownFileType = text.xcconfig; name = "Pods-ChurchNotes.debug.xcconfig"; path = "Target Support Files/Pods-ChurchNotes/Pods-ChurchNotes.debug.xcconfig"; sourceTree = "<group>"; };
		359489A0CB187CF1DD7C3238 /* Pods_ChurchNotes.framework */ = {isa = PBXFileReference; explicitFileType = wrapper.framework; includeInIndex = 0; path = Pods_ChurchNotes.framework; sourceTree = BUILT_PRODUCTS_DIR; };
		43AE1F4A98A64DDA7A4A95DB /* Pods-ChurchNotes.release.xcconfig */ = {isa = PBXFileReference; includeInIndex = 1; lastKnownFileType = text.xcconfig; name = "Pods-ChurchNotes.release.xcconfig"; path = "Target Support Files/Pods-ChurchNotes/Pods-ChurchNotes.release.xcconfig"; sourceTree = "<group>"; };
		9E14D0BC2A8A7DAC005E0BC0 /* NotificationHandler.swift */ = {isa = PBXFileReference; lastKnownFileType = sourcecode.swift; path = NotificationHandler.swift; sourceTree = "<group>"; };
		9E14D0BE2A8A8C28005E0BC0 /* FinalPreview.swift */ = {isa = PBXFileReference; lastKnownFileType = sourcecode.swift; path = FinalPreview.swift; sourceTree = "<group>"; };
		9E14D0C22A8BF487005E0BC0 /* NotificationView.swift */ = {isa = PBXFileReference; lastKnownFileType = sourcecode.swift; path = NotificationView.swift; sourceTree = "<group>"; };
		9E14D0C42A8C20A6005E0BC0 /* ApearanceView.swift */ = {isa = PBXFileReference; lastKnownFileType = sourcecode.swift; path = ApearanceView.swift; sourceTree = "<group>"; };
		9E1E39992AD4E339006186DD /* Models.swift */ = {isa = PBXFileReference; lastKnownFileType = sourcecode.swift; path = Models.swift; sourceTree = "<group>"; };
		9E3521C42A73308000B607D7 /* libswiftDataDetection.tbd */ = {isa = PBXFileReference; lastKnownFileType = "sourcecode.text-based-dylib-definition"; name = libswiftDataDetection.tbd; path = usr/lib/swift/libswiftDataDetection.tbd; sourceTree = SDKROOT; };
		9E3CFF1D2A6878EB0087AFD0 /* TopTabBar.swift */ = {isa = PBXFileReference; lastKnownFileType = sourcecode.swift; path = TopTabBar.swift; sourceTree = "<group>"; };
		9E3CFF202A688E5C0087AFD0 /* CurrentPersonView.swift */ = {isa = PBXFileReference; lastKnownFileType = sourcecode.swift; path = CurrentPersonView.swift; sourceTree = "<group>"; };
		9E44BEFB2A58E09F0059C56C /* GoogleService-Info.plist */ = {isa = PBXFileReference; fileEncoding = 4; lastKnownFileType = text.plist.xml; path = "GoogleService-Info.plist"; sourceTree = "<group>"; };
		9E44BEFD2A5A0D6D0059C56C /* LoginPage.swift */ = {isa = PBXFileReference; lastKnownFileType = sourcecode.swift; path = LoginPage.swift; sourceTree = "<group>"; };
		9E45B8A92A87CFC1002D9AF1 /* CameraView.swift */ = {isa = PBXFileReference; lastKnownFileType = sourcecode.swift; path = CameraView.swift; sourceTree = "<group>"; };
		9E45B8AB2A87D2CE002D9AF1 /* FrontVideoView.swift */ = {isa = PBXFileReference; lastKnownFileType = sourcecode.swift; path = FrontVideoView.swift; sourceTree = "<group>"; };
		9E4FD3C32A4C92FB00D46FB8 /* AppView.swift */ = {isa = PBXFileReference; lastKnownFileType = sourcecode.swift; path = AppView.swift; sourceTree = "<group>"; };
		9E4FD3C72A4D2C2500D46FB8 /* Info.plist */ = {isa = PBXFileReference; lastKnownFileType = text.plist; path = Info.plist; sourceTree = "<group>"; };
		9E563AD22A61A90900F5E52B /* ImagePicker.swift */ = {isa = PBXFileReference; lastKnownFileType = sourcecode.swift; path = ImagePicker.swift; sourceTree = "<group>"; };
		9E5661852AE2161C0076591B /* AllPeopleView.swift */ = {isa = PBXFileReference; fileEncoding = 4; lastKnownFileType = sourcecode.swift; path = AllPeopleView.swift; sourceTree = "<group>"; };
		9E56618B2AE366840076591B /* PeopleView.swift */ = {isa = PBXFileReference; lastKnownFileType = sourcecode.swift; path = PeopleView.swift; sourceTree = "<group>"; };
		9E56618D2AE369340076591B /* LikedPeopleView.swift */ = {isa = PBXFileReference; fileEncoding = 4; lastKnownFileType = sourcecode.swift; path = LikedPeopleView.swift; sourceTree = "<group>"; };
		9E56618F2AE379A50076591B /* ShakeReportView.swift */ = {isa = PBXFileReference; lastKnownFileType = sourcecode.swift; path = ShakeReportView.swift; sourceTree = "<group>"; };
		9E5661912AE44D2C0076591B /* DonePeople.swift */ = {isa = PBXFileReference; lastKnownFileType = sourcecode.swift; path = DonePeople.swift; sourceTree = "<group>"; };
		9E5661932AE5EBB30076591B /* GoogleAuth.swift */ = {isa = PBXFileReference; lastKnownFileType = sourcecode.swift; path = GoogleAuth.swift; sourceTree = "<group>"; };
		9E5671612A6190E5002FCFC5 /* CoreAudioTypes.framework */ = {isa = PBXFileReference; lastKnownFileType = wrapper.framework; name = CoreAudioTypes.framework; path = System/Library/Frameworks/CoreAudioTypes.framework; sourceTree = SDKROOT; };
		9E5A17B62B0EE88600F2A801 /* NotificationsInfo.swift */ = {isa = PBXFileReference; lastKnownFileType = sourcecode.swift; path = NotificationsInfo.swift; sourceTree = "<group>"; };
		9E5A17B82B12E51400F2A801 /* Buttons.swift */ = {isa = PBXFileReference; lastKnownFileType = sourcecode.swift; path = Buttons.swift; sourceTree = "<group>"; };
		9E5A17BB2B165C8900F2A801 /* AchievementsMainView.swift */ = {isa = PBXFileReference; lastKnownFileType = sourcecode.swift; path = AchievementsMainView.swift; sourceTree = "<group>"; };
		9E5A17BD2B16726600F2A801 /* AchievementsItem.swift */ = {isa = PBXFileReference; lastKnownFileType = sourcecode.swift; path = AchievementsItem.swift; sourceTree = "<group>"; };
		9E5A17C22B17C84100F2A801 /* PublishedVariebles.swift */ = {isa = PBXFileReference; lastKnownFileType = sourcecode.swift; path = PublishedVariebles.swift; sourceTree = "<group>"; };
		9E65DA762A64F017000C87FB /* IndexView.swift */ = {isa = PBXFileReference; lastKnownFileType = sourcecode.swift; path = IndexView.swift; sourceTree = "<group>"; };
		9E65DA782A658965000C87FB /* AppViewModel.swift */ = {isa = PBXFileReference; lastKnownFileType = sourcecode.swift; path = AppViewModel.swift; sourceTree = "<group>"; };
		9E6D32762AF06E5900B65178 /* WhyAuthenticateInfoView.swift */ = {isa = PBXFileReference; lastKnownFileType = sourcecode.swift; path = WhyAuthenticateInfoView.swift; sourceTree = "<group>"; };
		9E6D327A2AF09BAA00B65178 /* PeopleListView.swift */ = {isa = PBXFileReference; lastKnownFileType = sourcecode.swift; path = PeopleListView.swift; sourceTree = "<group>"; };
		9E6D32812AF832A400B65178 /* AddNotificationView.swift */ = {isa = PBXFileReference; lastKnownFileType = sourcecode.swift; path = AddNotificationView.swift; sourceTree = "<group>"; };
		9E6D32832AFC3AB300B65178 /* ResetPasswordView.swift */ = {isa = PBXFileReference; lastKnownFileType = sourcecode.swift; path = ResetPasswordView.swift; sourceTree = "<group>"; };
		9E6D32852B02D9CB00B65178 /* SettingsView.swift */ = {isa = PBXFileReference; lastKnownFileType = sourcecode.swift; path = SettingsView.swift; sourceTree = "<group>"; };
		9E6D32872B02DAAE00B65178 /* ChangePasswordView.swift */ = {isa = PBXFileReference; lastKnownFileType = sourcecode.swift; path = ChangePasswordView.swift; sourceTree = "<group>"; };
		9E6D32892B05338500B65178 /* ViewOffsetKey.swift */ = {isa = PBXFileReference; lastKnownFileType = sourcecode.swift; path = ViewOffsetKey.swift; sourceTree = "<group>"; };
		9E6D328B2B05345500B65178 /* CustomTabBarItem.swift */ = {isa = PBXFileReference; lastKnownFileType = sourcecode.swift; path = CustomTabBarItem.swift; sourceTree = "<group>"; };
		9E6D328E2B0A871200B65178 /* UsernameInfo.swift */ = {isa = PBXFileReference; lastKnownFileType = sourcecode.swift; path = UsernameInfo.swift; sourceTree = "<group>"; };
		9E6D32932B0C564C00B65178 /* CreateStageView.swift */ = {isa = PBXFileReference; fileEncoding = 4; lastKnownFileType = sourcecode.swift; path = CreateStageView.swift; sourceTree = "<group>"; };
		9E6D32942B0C564C00B65178 /* AllStagesView.swift */ = {isa = PBXFileReference; fileEncoding = 4; lastKnownFileType = sourcecode.swift; path = AllStagesView.swift; sourceTree = "<group>"; };
		9E6F9DF72A4BC435009B72DC /* ChurchNotes.app */ = {isa = PBXFileReference; explicitFileType = wrapper.application; includeInIndex = 0; path = ChurchNotes.app; sourceTree = BUILT_PRODUCTS_DIR; };
		9E6F9DFA2A4BC435009B72DC /* ChurchNotesApp.swift */ = {isa = PBXFileReference; lastKnownFileType = sourcecode.swift; path = ChurchNotesApp.swift; sourceTree = "<group>"; };
		9E6F9DFE2A4BC436009B72DC /* Assets.xcassets */ = {isa = PBXFileReference; lastKnownFileType = folder.assetcatalog; path = Assets.xcassets; sourceTree = "<group>"; };
		9E6F9E012A4BC436009B72DC /* Preview Assets.xcassets */ = {isa = PBXFileReference; lastKnownFileType = folder.assetcatalog; path = "Preview Assets.xcassets"; sourceTree = "<group>"; };
		9E6F9E0A2A4BC994009B72DC /* Constants.swift */ = {isa = PBXFileReference; lastKnownFileType = sourcecode.swift; path = Constants.swift; sourceTree = "<group>"; };
		9E6F9E122A4C6C33009B72DC /* ContentView.swift */ = {isa = PBXFileReference; lastKnownFileType = sourcecode.swift; path = ContentView.swift; sourceTree = "<group>"; };
		9E7282C72A5235D3004D6483 /* ItemView.swift */ = {isa = PBXFileReference; lastKnownFileType = sourcecode.swift; path = ItemView.swift; sourceTree = "<group>"; };
		9E7282D02A574399004D6483 /* WidgetExtension.appex */ = {isa = PBXFileReference; explicitFileType = "wrapper.app-extension"; includeInIndex = 0; path = WidgetExtension.appex; sourceTree = BUILT_PRODUCTS_DIR; };
		9E7282D42A574399004D6483 /* WidgetBundle.swift */ = {isa = PBXFileReference; lastKnownFileType = sourcecode.swift; path = WidgetBundle.swift; sourceTree = "<group>"; };
		9E7282D62A574399004D6483 /* WidgetNote.swift */ = {isa = PBXFileReference; lastKnownFileType = sourcecode.swift; path = WidgetNote.swift; sourceTree = "<group>"; };
		9E7282D82A57439A004D6483 /* Assets.xcassets */ = {isa = PBXFileReference; lastKnownFileType = folder.assetcatalog; path = Assets.xcassets; sourceTree = "<group>"; };
		9E7282DA2A57439A004D6483 /* Info.plist */ = {isa = PBXFileReference; lastKnownFileType = text.plist.xml; path = Info.plist; sourceTree = "<group>"; };
		9E7282E42A57BB6D004D6483 /* ItemPersonView.swift */ = {isa = PBXFileReference; lastKnownFileType = sourcecode.swift; path = ItemPersonView.swift; sourceTree = "<group>"; };
		9E7D0F942B22AF0A00F52051 /* RowPersonModel.swift */ = {isa = PBXFileReference; lastKnownFileType = sourcecode.swift; path = RowPersonModel.swift; sourceTree = "<group>"; };
		9E7D0F962B22DBB300F52051 /* SearchSlider.swift */ = {isa = PBXFileReference; lastKnownFileType = sourcecode.swift; path = SearchSlider.swift; sourceTree = "<group>"; };
		9E86F4592B0D358300993C74 /* EditStageView.swift */ = {isa = PBXFileReference; lastKnownFileType = sourcecode.swift; path = EditStageView.swift; sourceTree = "<group>"; };
		9E86F45C2B0E6BEF00993C74 /* ChurchNotes.entitlements */ = {isa = PBXFileReference; lastKnownFileType = text.plist.entitlements; path = ChurchNotes.entitlements; sourceTree = "<group>"; };
		9E86F45D2B0E6BEF00993C74 /* WidgetExtension.entitlements */ = {isa = PBXFileReference; lastKnownFileType = text.plist.entitlements; path = WidgetExtension.entitlements; sourceTree = "<group>"; };
		9E871A4D2B294DF800210802 /* uk */ = {isa = PBXFileReference; lastKnownFileType = text.plist.strings; name = uk; path = uk.lproj/Localizable.strings; sourceTree = "<group>"; };
		9E871A532B3011EE00210802 /* NotificationsManager.swift */ = {isa = PBXFileReference; lastKnownFileType = sourcecode.swift; path = NotificationsManager.swift; sourceTree = "<group>"; };
		9E91BDAC2A93C4F5007DD52E /* DismissingKeyboard.swift */ = {isa = PBXFileReference; lastKnownFileType = sourcecode.swift; path = DismissingKeyboard.swift; sourceTree = "<group>"; };
		9E9F659E2AE759CA00FF743A /* EditProfileView.swift */ = {isa = PBXFileReference; lastKnownFileType = sourcecode.swift; path = EditProfileView.swift; sourceTree = "<group>"; };
		9EA7AB952A508D20004DB3BA /* WidgetKit.framework */ = {isa = PBXFileReference; lastKnownFileType = wrapper.framework; name = WidgetKit.framework; path = System/Library/Frameworks/WidgetKit.framework; sourceTree = SDKROOT; };
		9EA7AB972A508D20004DB3BA /* SwiftUI.framework */ = {isa = PBXFileReference; lastKnownFileType = wrapper.framework; name = SwiftUI.framework; path = System/Library/Frameworks/SwiftUI.framework; sourceTree = SDKROOT; };
		9EAB02D42A8FBC49005E3719 /* AddPersonView.swift */ = {isa = PBXFileReference; lastKnownFileType = sourcecode.swift; path = AddPersonView.swift; sourceTree = "<group>"; };
		9EAB02D72A8FD46F005E3719 /* NetworkMonitor.swift */ = {isa = PBXFileReference; lastKnownFileType = sourcecode.swift; path = NetworkMonitor.swift; sourceTree = "<group>"; };
		9ED6F2ED2A5093DE002568DF /* WidgetTaskModel.swift */ = {isa = PBXFileReference; lastKnownFileType = sourcecode.swift; path = WidgetTaskModel.swift; sourceTree = "<group>"; };
		9ED71CC12A9F7DCE00613AAD /* ShakeGesture.swift */ = {isa = PBXFileReference; lastKnownFileType = sourcecode.swift; path = ShakeGesture.swift; sourceTree = "<group>"; };
		9ED71CC72A9FC0ED00613AAD /* SettingsPeopleView.swift */ = {isa = PBXFileReference; lastKnownFileType = sourcecode.swift; path = SettingsPeopleView.swift; sourceTree = "<group>"; };
		9EE4A03E2A81D51700C7179F /* SwiftData.framework */ = {isa = PBXFileReference; lastKnownFileType = wrapper.framework; name = SwiftData.framework; path = System/Library/Frameworks/SwiftData.framework; sourceTree = SDKROOT; };
		9EFE52132B237A00001AFDB5 /* SearchView.swift */ = {isa = PBXFileReference; lastKnownFileType = sourcecode.swift; path = SearchView.swift; sourceTree = "<group>"; };
		9EFE52152B238F58001AFDB5 /* ChangeEmailView.swift */ = {isa = PBXFileReference; lastKnownFileType = sourcecode.swift; path = ChangeEmailView.swift; sourceTree = "<group>"; };
		9EFE521B2B2399F4001AFDB5 /* en */ = {isa = PBXFileReference; lastKnownFileType = text.plist.strings; name = en; path = en.lproj/Localizable.strings; sourceTree = "<group>"; };
		9EFE521D2B26A8D6001AFDB5 /* KeyboardResponder.swift */ = {isa = PBXFileReference; lastKnownFileType = sourcecode.swift; path = KeyboardResponder.swift; sourceTree = "<group>"; };
/* End PBXFileReference section */

/* Begin PBXFrameworksBuildPhase section */
		9E6F9DF42A4BC435009B72DC /* Frameworks */ = {
			isa = PBXFrameworksBuildPhase;
			buildActionMask = 2147483647;
			files = (
				E144702C1C07938D3169463A /* Pods_ChurchNotes.framework in Frameworks */,
				9E6D327E2AF5550B00B65178 /* OAuth2 in Frameworks */,
			);
			runOnlyForDeploymentPostprocessing = 0;
		};
		9E7282CD2A574399004D6483 /* Frameworks */ = {
			isa = PBXFrameworksBuildPhase;
			buildActionMask = 2147483647;
			files = (
				9E7282D22A574399004D6483 /* SwiftUI.framework in Frameworks */,
				9E7282D12A574399004D6483 /* WidgetKit.framework in Frameworks */,
			);
			runOnlyForDeploymentPostprocessing = 0;
		};
/* End PBXFrameworksBuildPhase section */

/* Begin PBXGroup section */
		59D04428DEAD9445BC5F17CD /* Pods */ = {
			isa = PBXGroup;
			children = (
				1C78EE6BAC6DDC6A8A124D5F /* Pods-ChurchNotes.debug.xcconfig */,
				43AE1F4A98A64DDA7A4A95DB /* Pods-ChurchNotes.release.xcconfig */,
			);
			path = Pods;
			sourceTree = "<group>";
		};
		9E3CFF1F2A688BB70087AFD0 /* PeopleViews */ = {
			isa = PBXGroup;
			children = (
				9E7282C72A5235D3004D6483 /* ItemView.swift */,
				9E56618D2AE369340076591B /* LikedPeopleView.swift */,
				9E5661852AE2161C0076591B /* AllPeopleView.swift */,
				9E7282E42A57BB6D004D6483 /* ItemPersonView.swift */,
				9EAB02D42A8FBC49005E3719 /* AddPersonView.swift */,
				9ED71CC72A9FC0ED00613AAD /* SettingsPeopleView.swift */,
				9E56618B2AE366840076591B /* PeopleView.swift */,
				9E5661912AE44D2C0076591B /* DonePeople.swift */,
			);
			path = PeopleViews;
			sourceTree = "<group>";
		};
		9E3CFF222A688E620087AFD0 /* User */ = {
			isa = PBXGroup;
			children = (
				9E9F659E2AE759CA00FF743A /* EditProfileView.swift */,
				9E3CFF202A688E5C0087AFD0 /* CurrentPersonView.swift */,
			);
			path = User;
			sourceTree = "<group>";
		};
		9E45B8A82A87CFAC002D9AF1 /* CameraViews */ = {
			isa = PBXGroup;
			children = (
				9E14D0BE2A8A8C28005E0BC0 /* FinalPreview.swift */,
				9E45B8A92A87CFC1002D9AF1 /* CameraView.swift */,
				9E45B8AB2A87D2CE002D9AF1 /* FrontVideoView.swift */,
			);
			path = CameraViews;
			sourceTree = "<group>";
		};
		9E6D32782AF09B8600B65178 /* Info */ = {
			isa = PBXGroup;
			children = (
				9E6D32762AF06E5900B65178 /* WhyAuthenticateInfoView.swift */,
				9E6D328E2B0A871200B65178 /* UsernameInfo.swift */,
				9E5A17B62B0EE88600F2A801 /* NotificationsInfo.swift */,
			);
			path = Info;
			sourceTree = "<group>";
		};
		9E6D32792AF09B9B00B65178 /* Planing Center */ = {
			isa = PBXGroup;
			children = (
				9E6D327A2AF09BAA00B65178 /* PeopleListView.swift */,
			);
			path = "Planing Center";
			sourceTree = "<group>";
		};
		9E6D32922B0C564C00B65178 /* StageViews */ = {
			isa = PBXGroup;
			children = (
				9E6D32932B0C564C00B65178 /* CreateStageView.swift */,
				9E6D32942B0C564C00B65178 /* AllStagesView.swift */,
				9E86F4592B0D358300993C74 /* EditStageView.swift */,
			);
			path = StageViews;
			sourceTree = "<group>";
		};
		9E6F9DEE2A4BC435009B72DC = {
			isa = PBXGroup;
			children = (
				9E86F45D2B0E6BEF00993C74 /* WidgetExtension.entitlements */,
				9E6F9DF92A4BC435009B72DC /* ChurchNotes */,
				9E7282D32A574399004D6483 /* Widget */,
				9E6F9DF82A4BC435009B72DC /* Products */,
				59D04428DEAD9445BC5F17CD /* Pods */,
				BDB0A59DBE031AA6D1133182 /* Frameworks */,
			);
			sourceTree = "<group>";
		};
		9E6F9DF82A4BC435009B72DC /* Products */ = {
			isa = PBXGroup;
			children = (
				9E6F9DF72A4BC435009B72DC /* ChurchNotes.app */,
				9E7282D02A574399004D6483 /* WidgetExtension.appex */,
			);
			name = Products;
			sourceTree = "<group>";
		};
		9E6F9DF92A4BC435009B72DC /* ChurchNotes */ = {
			isa = PBXGroup;
			children = (
				9E86F45C2B0E6BEF00993C74 /* ChurchNotes.entitlements */,
				9E4FD3C72A4D2C2500D46FB8 /* Info.plist */,
				9E6F9DFA2A4BC435009B72DC /* ChurchNotesApp.swift */,
				9EFE52172B239992001AFDB5 /* Translations */,
				9E6F9E0C2A4C6B50009B72DC /* Views */,
				9E6F9E0D2A4C6B5E009B72DC /* Models */,
				9E6F9DFE2A4BC436009B72DC /* Assets.xcassets */,
				9E44BEFB2A58E09F0059C56C /* GoogleService-Info.plist */,
				9ED6F2ED2A5093DE002568DF /* WidgetTaskModel.swift */,
				9E6F9E002A4BC436009B72DC /* Preview Content */,
			);
			path = ChurchNotes;
			sourceTree = "<group>";
		};
		9E6F9E002A4BC436009B72DC /* Preview Content */ = {
			isa = PBXGroup;
			children = (
				9E6F9E012A4BC436009B72DC /* Preview Assets.xcassets */,
			);
			path = "Preview Content";
			sourceTree = "<group>";
		};
		9E6F9E0C2A4C6B50009B72DC /* Views */ = {
			isa = PBXGroup;
			children = (
				9E871A522B30101000210802 /* Notifications */,
				9E6D32792AF09B9B00B65178 /* Planing Center */,
				9E9F659D2AE758D600FF743A /* Authentication */,
				9E91BDA92A939DF2007DD52E /* Roots */,
				9E91BDA82A939DE5007DD52E /* Settings */,
				9EAB02D62A8FD450005E3719 /* Classes */,
				9E45B8A82A87CFAC002D9AF1 /* CameraViews */,
				9E6D32922B0C564C00B65178 /* StageViews */,
				9E3CFF1F2A688BB70087AFD0 /* PeopleViews */,
				9E3CFF222A688E620087AFD0 /* User */,
				9E6D32782AF09B8600B65178 /* Info */,
			);
			path = Views;
			sourceTree = "<group>";
		};
		9E6F9E0D2A4C6B5E009B72DC /* Models */ = {
			isa = PBXGroup;
			children = (
				9E1E39992AD4E339006186DD /* Models.swift */,
				9E3CFF1D2A6878EB0087AFD0 /* TopTabBar.swift */,
				9E6D328B2B05345500B65178 /* CustomTabBarItem.swift */,
				9E6F9E0A2A4BC994009B72DC /* Constants.swift */,
				9E5A17B82B12E51400F2A801 /* Buttons.swift */,
				9E5A17BD2B16726600F2A801 /* AchievementsItem.swift */,
				9E7D0F942B22AF0A00F52051 /* RowPersonModel.swift */,
				9E7D0F962B22DBB300F52051 /* SearchSlider.swift */,
			);
			path = Models;
			sourceTree = "<group>";
		};
		9E7282D32A574399004D6483 /* Widget */ = {
			isa = PBXGroup;
			children = (
				9E7282D42A574399004D6483 /* WidgetBundle.swift */,
				9E7282D62A574399004D6483 /* WidgetNote.swift */,
				9E7282D82A57439A004D6483 /* Assets.xcassets */,
				9E7282DA2A57439A004D6483 /* Info.plist */,
			);
			path = Widget;
			sourceTree = "<group>";
		};
		9E871A522B30101000210802 /* Notifications */ = {
			isa = PBXGroup;
			children = (
				9E14D0C22A8BF487005E0BC0 /* NotificationView.swift */,
				9E6D32812AF832A400B65178 /* AddNotificationView.swift */,
				9E14D0BC2A8A7DAC005E0BC0 /* NotificationHandler.swift */,
				9E871A532B3011EE00210802 /* NotificationsManager.swift */,
			);
			name = Notifications;
			sourceTree = "<group>";
		};
		9E91BDA82A939DE5007DD52E /* Settings */ = {
			isa = PBXGroup;
			children = (
				9E5A17BB2B165C8900F2A801 /* AchievementsMainView.swift */,
				9E14D0C42A8C20A6005E0BC0 /* ApearanceView.swift */,
				9E56618F2AE379A50076591B /* ShakeReportView.swift */,
				9E6D32852B02D9CB00B65178 /* SettingsView.swift */,
				9EFE52132B237A00001AFDB5 /* SearchView.swift */,
			);
			path = Settings;
			sourceTree = "<group>";
		};
		9E91BDA92A939DF2007DD52E /* Roots */ = {
			isa = PBXGroup;
			children = (
				9E65DA762A64F017000C87FB /* IndexView.swift */,
				9E6F9E122A4C6C33009B72DC /* ContentView.swift */,
				9E4FD3C32A4C92FB00D46FB8 /* AppView.swift */,
			);
			path = Roots;
			sourceTree = "<group>";
		};
		9E9F659D2AE758D600FF743A /* Authentication */ = {
			isa = PBXGroup;
			children = (
				9E44BEFD2A5A0D6D0059C56C /* LoginPage.swift */,
				9E65DA782A658965000C87FB /* AppViewModel.swift */,
				9E5661932AE5EBB30076591B /* GoogleAuth.swift */,
				9E6D32832AFC3AB300B65178 /* ResetPasswordView.swift */,
				9E6D32872B02DAAE00B65178 /* ChangePasswordView.swift */,
				9EFE52152B238F58001AFDB5 /* ChangeEmailView.swift */,
			);
			path = Authentication;
			sourceTree = "<group>";
		};
		9EAB02D62A8FD450005E3719 /* Classes */ = {
			isa = PBXGroup;
			children = (
				9E563AD22A61A90900F5E52B /* ImagePicker.swift */,
				9EAB02D72A8FD46F005E3719 /* NetworkMonitor.swift */,
				9E91BDAC2A93C4F5007DD52E /* DismissingKeyboard.swift */,
				9ED71CC12A9F7DCE00613AAD /* ShakeGesture.swift */,
				9E6D32892B05338500B65178 /* ViewOffsetKey.swift */,
				9E5A17C22B17C84100F2A801 /* PublishedVariebles.swift */,
				9EFE521D2B26A8D6001AFDB5 /* KeyboardResponder.swift */,
			);
			path = Classes;
			sourceTree = "<group>";
		};
		9EFE52172B239992001AFDB5 /* Translations */ = {
			isa = PBXGroup;
			children = (
				9EFE521C2B2399F4001AFDB5 /* Localizable.strings */,
			);
			path = Translations;
			sourceTree = "<group>";
		};
		BDB0A59DBE031AA6D1133182 /* Frameworks */ = {
			isa = PBXGroup;
			children = (
				9EE4A03E2A81D51700C7179F /* SwiftData.framework */,
				9E3521C42A73308000B607D7 /* libswiftDataDetection.tbd */,
				9E5671612A6190E5002FCFC5 /* CoreAudioTypes.framework */,
				359489A0CB187CF1DD7C3238 /* Pods_ChurchNotes.framework */,
				9EA7AB952A508D20004DB3BA /* WidgetKit.framework */,
				9EA7AB972A508D20004DB3BA /* SwiftUI.framework */,
			);
			name = Frameworks;
			sourceTree = "<group>";
		};
/* End PBXGroup section */

/* Begin PBXNativeTarget section */
		9E6F9DF62A4BC435009B72DC /* ChurchNotes */ = {
			isa = PBXNativeTarget;
			buildConfigurationList = 9E6F9E072A4BC436009B72DC /* Build configuration list for PBXNativeTarget "ChurchNotes" */;
			buildPhases = (
				B5AA41C7D23701E8406B9655 /* [CP] Check Pods Manifest.lock */,
				9E6F9DF32A4BC435009B72DC /* Sources */,
				9E6F9DF42A4BC435009B72DC /* Frameworks */,
				9E6F9DF52A4BC435009B72DC /* Resources */,
				19FCC0912CC87A37C5789B0B /* [CP] Embed Pods Frameworks */,
			);
			buildRules = (
			);
			dependencies = (
			);
			name = ChurchNotes;
			packageProductDependencies = (
				9E6D327D2AF5550B00B65178 /* OAuth2 */,
			);
			productName = ChurchNotes;
			productReference = 9E6F9DF72A4BC435009B72DC /* ChurchNotes.app */;
			productType = "com.apple.product-type.application";
		};
		9E7282CF2A574399004D6483 /* WidgetExtension */ = {
			isa = PBXNativeTarget;
			buildConfigurationList = 9E7282DE2A57439A004D6483 /* Build configuration list for PBXNativeTarget "WidgetExtension" */;
			buildPhases = (
				9E7282CC2A574399004D6483 /* Sources */,
				9E7282CD2A574399004D6483 /* Frameworks */,
				9E7282CE2A574399004D6483 /* Resources */,
			);
			buildRules = (
			);
			dependencies = (
			);
			name = WidgetExtension;
			productName = WidgetExtension;
			productReference = 9E7282D02A574399004D6483 /* WidgetExtension.appex */;
			productType = "com.apple.product-type.app-extension";
		};
/* End PBXNativeTarget section */

/* Begin PBXProject section */
		9E6F9DEF2A4BC435009B72DC /* Project object */ = {
			isa = PBXProject;
			attributes = {
				BuildIndependentTargetsInParallel = 1;
				LastSwiftUpdateCheck = 1500;
				LastUpgradeCheck = 1500;
				TargetAttributes = {
					9E6F9DF62A4BC435009B72DC = {
						CreatedOnToolsVersion = 15.0;
					};
					9E7282CF2A574399004D6483 = {
						CreatedOnToolsVersion = 15.0;
					};
				};
			};
			buildConfigurationList = 9E6F9DF22A4BC435009B72DC /* Build configuration list for PBXProject "ChurchNotes" */;
			compatibilityVersion = "Xcode 14.0";
			developmentRegion = en;
			hasScannedForEncodings = 0;
			knownRegions = (
				en,
				Base,
				uk,
			);
			mainGroup = 9E6F9DEE2A4BC435009B72DC;
			packageReferences = (
				9E6830A02A5F0B09000AB299 /* XCRemoteSwiftPackageReference "iPhoneNumberField" */,
				9E99AF4E2A5F5E9800806282 /* XCRemoteSwiftPackageReference "iPhoneNumberField" */,
				9E5661952AE5EC700076591B /* XCRemoteSwiftPackageReference "firebase-ios-sdk" */,
				9E9F659C2AE5F83B00FF743A /* XCRemoteSwiftPackageReference "GoogleSignIn-iOS" */,
				9E6D327C2AF5534400B65178 /* XCRemoteSwiftPackageReference "OAuth2" */,
			);
			productRefGroup = 9E6F9DF82A4BC435009B72DC /* Products */;
			projectDirPath = "";
			projectRoot = "";
			targets = (
				9E6F9DF62A4BC435009B72DC /* ChurchNotes */,
				9E7282CF2A574399004D6483 /* WidgetExtension */,
			);
		};
/* End PBXProject section */

/* Begin PBXResourcesBuildPhase section */
		9E6F9DF52A4BC435009B72DC /* Resources */ = {
			isa = PBXResourcesBuildPhase;
			buildActionMask = 2147483647;
			files = (
				9E6F9E022A4BC436009B72DC /* Preview Assets.xcassets in Resources */,
				9EFE521A2B2399F4001AFDB5 /* Localizable.strings in Resources */,
				9E6F9DFF2A4BC436009B72DC /* Assets.xcassets in Resources */,
				9E44BEFC2A58E09F0059C56C /* GoogleService-Info.plist in Resources */,
			);
			runOnlyForDeploymentPostprocessing = 0;
		};
		9E7282CE2A574399004D6483 /* Resources */ = {
			isa = PBXResourcesBuildPhase;
			buildActionMask = 2147483647;
			files = (
				9E7282D92A57439A004D6483 /* Assets.xcassets in Resources */,
			);
			runOnlyForDeploymentPostprocessing = 0;
		};
/* End PBXResourcesBuildPhase section */

/* Begin PBXShellScriptBuildPhase section */
		19FCC0912CC87A37C5789B0B /* [CP] Embed Pods Frameworks */ = {
			isa = PBXShellScriptBuildPhase;
			buildActionMask = 2147483647;
			files = (
			);
			inputFileListPaths = (
				"${PODS_ROOT}/Target Support Files/Pods-ChurchNotes/Pods-ChurchNotes-frameworks-${CONFIGURATION}-input-files.xcfilelist",
			);
			name = "[CP] Embed Pods Frameworks";
			outputFileListPaths = (
				"${PODS_ROOT}/Target Support Files/Pods-ChurchNotes/Pods-ChurchNotes-frameworks-${CONFIGURATION}-output-files.xcfilelist",
			);
			runOnlyForDeploymentPostprocessing = 0;
			shellPath = /bin/sh;
			shellScript = "\"${PODS_ROOT}/Target Support Files/Pods-ChurchNotes/Pods-ChurchNotes-frameworks.sh\"\n";
			showEnvVarsInLog = 0;
		};
		B5AA41C7D23701E8406B9655 /* [CP] Check Pods Manifest.lock */ = {
			isa = PBXShellScriptBuildPhase;
			buildActionMask = 2147483647;
			files = (
			);
			inputFileListPaths = (
			);
			inputPaths = (
				"${PODS_PODFILE_DIR_PATH}/Podfile.lock",
				"${PODS_ROOT}/Manifest.lock",
			);
			name = "[CP] Check Pods Manifest.lock";
			outputFileListPaths = (
			);
			outputPaths = (
				"$(DERIVED_FILE_DIR)/Pods-ChurchNotes-checkManifestLockResult.txt",
			);
			runOnlyForDeploymentPostprocessing = 0;
			shellPath = /bin/sh;
			shellScript = "diff \"${PODS_PODFILE_DIR_PATH}/Podfile.lock\" \"${PODS_ROOT}/Manifest.lock\" > /dev/null\nif [ $? != 0 ] ; then\n    # print error to STDERR\n    echo \"error: The sandbox is not in sync with the Podfile.lock. Run 'pod install' or update your CocoaPods installation.\" >&2\n    exit 1\nfi\n# This output is used by Xcode 'outputs' to avoid re-running this script phase.\necho \"SUCCESS\" > \"${SCRIPT_OUTPUT_FILE_0}\"\n";
			showEnvVarsInLog = 0;
		};
/* End PBXShellScriptBuildPhase section */

/* Begin PBXSourcesBuildPhase section */
		9E6F9DF32A4BC435009B72DC /* Sources */ = {
			isa = PBXSourcesBuildPhase;
			buildActionMask = 2147483647;
			files = (
				9E9F659F2AE759CA00FF743A /* EditProfileView.swift in Sources */,
				9E6D32882B02DAAE00B65178 /* ChangePasswordView.swift in Sources */,
				9E7282E52A57BB6D004D6483 /* ItemPersonView.swift in Sources */,
				9EAB02D82A8FD46F005E3719 /* NetworkMonitor.swift in Sources */,
				9E14D0BD2A8A7DAC005E0BC0 /* NotificationHandler.swift in Sources */,
				9EFE52162B238F58001AFDB5 /* ChangeEmailView.swift in Sources */,
				9E6D32862B02D9CB00B65178 /* SettingsView.swift in Sources */,
				9E14D0C32A8BF487005E0BC0 /* NotificationView.swift in Sources */,
				9E86F45A2B0D358300993C74 /* EditStageView.swift in Sources */,
				9EFE52142B237A00001AFDB5 /* SearchView.swift in Sources */,
				9E56618E2AE369340076591B /* LikedPeopleView.swift in Sources */,
				9E44BEFE2A5A0D6D0059C56C /* LoginPage.swift in Sources */,
				9E6D32822AF832A400B65178 /* AddNotificationView.swift in Sources */,
				9E7D0F952B22AF0A00F52051 /* RowPersonModel.swift in Sources */,
				9E65DA792A658965000C87FB /* AppViewModel.swift in Sources */,
				9ED71CC82A9FC0ED00613AAD /* SettingsPeopleView.swift in Sources */,
				9E5A17B72B0EE88600F2A801 /* NotificationsInfo.swift in Sources */,
				9E5A17BC2B165C8900F2A801 /* AchievementsMainView.swift in Sources */,
				9E14D0BF2A8A8C28005E0BC0 /* FinalPreview.swift in Sources */,
				9E65DA772A64F017000C87FB /* IndexView.swift in Sources */,
				9E45B8AC2A87D2CE002D9AF1 /* FrontVideoView.swift in Sources */,
				9E4FD3C42A4C92FB00D46FB8 /* AppView.swift in Sources */,
				9E5661942AE5EBB30076591B /* GoogleAuth.swift in Sources */,
				9EFE521E2B26A8D6001AFDB5 /* KeyboardResponder.swift in Sources */,
				9E56618C2AE366840076591B /* PeopleView.swift in Sources */,
				9E5661862AE2161C0076591B /* AllPeopleView.swift in Sources */,
				9E3CFF1E2A6878EB0087AFD0 /* TopTabBar.swift in Sources */,
				9E7282C82A5235D3004D6483 /* ItemView.swift in Sources */,
				9E6D32772AF06E5900B65178 /* WhyAuthenticateInfoView.swift in Sources */,
				9EAB02D52A8FBC49005E3719 /* AddPersonView.swift in Sources */,
				9E6F9E132A4C6C33009B72DC /* ContentView.swift in Sources */,
				9E6F9DFB2A4BC435009B72DC /* ChurchNotesApp.swift in Sources */,
				9E5A17BE2B16726600F2A801 /* AchievementsItem.swift in Sources */,
				9E5661902AE379A50076591B /* ShakeReportView.swift in Sources */,
				9E45B8AA2A87CFC1002D9AF1 /* CameraView.swift in Sources */,
				9E5A17B92B12E51400F2A801 /* Buttons.swift in Sources */,
				9E6D328F2B0A871200B65178 /* UsernameInfo.swift in Sources */,
				9E6D32842AFC3AB300B65178 /* ResetPasswordView.swift in Sources */,
				9E563AD32A61A90900F5E52B /* ImagePicker.swift in Sources */,
				9E6D328A2B05338500B65178 /* ViewOffsetKey.swift in Sources */,
				9ED71CC22A9F7DCE00613AAD /* ShakeGesture.swift in Sources */,
				9E91BDAD2A93C4F5007DD52E /* DismissingKeyboard.swift in Sources */,
				9E1E399A2AD4E339006186DD /* Models.swift in Sources */,
				9E5A17C32B17C84100F2A801 /* PublishedVariebles.swift in Sources */,
				9E6D32952B0C564C00B65178 /* CreateStageView.swift in Sources */,
				9E6D32962B0C564C00B65178 /* AllStagesView.swift in Sources */,
				9E5661922AE44D2C0076591B /* DonePeople.swift in Sources */,
				9E3CFF212A688E5C0087AFD0 /* CurrentPersonView.swift in Sources */,
				9E871A542B3011EE00210802 /* NotificationsManager.swift in Sources */,
				9E6F9E0B2A4BC994009B72DC /* Constants.swift in Sources */,
				9E7D0F972B22DBB300F52051 /* SearchSlider.swift in Sources */,
				9ED6F2EE2A5093DE002568DF /* WidgetTaskModel.swift in Sources */,
				9E14D0C52A8C20A6005E0BC0 /* ApearanceView.swift in Sources */,
				9E6D327B2AF09BAA00B65178 /* PeopleListView.swift in Sources */,
				9E6D328C2B05345500B65178 /* CustomTabBarItem.swift in Sources */,
			);
			runOnlyForDeploymentPostprocessing = 0;
		};
		9E7282CC2A574399004D6483 /* Sources */ = {
			isa = PBXSourcesBuildPhase;
			buildActionMask = 2147483647;
			files = (
				9E7282D52A574399004D6483 /* WidgetBundle.swift in Sources */,
				9E7282D72A574399004D6483 /* WidgetNote.swift in Sources */,
			);
			runOnlyForDeploymentPostprocessing = 0;
		};
/* End PBXSourcesBuildPhase section */

/* Begin PBXVariantGroup section */
		9EFE521C2B2399F4001AFDB5 /* Localizable.strings */ = {
			isa = PBXVariantGroup;
			children = (
				9EFE521B2B2399F4001AFDB5 /* en */,
				9E871A4D2B294DF800210802 /* uk */,
			);
			name = Localizable.strings;
			sourceTree = "<group>";
		};
/* End PBXVariantGroup section */

/* Begin XCBuildConfiguration section */
		9E6F9E052A4BC436009B72DC /* Debug */ = {
			isa = XCBuildConfiguration;
			buildSettings = {
				ALWAYS_SEARCH_USER_PATHS = NO;
				ASSETCATALOG_COMPILER_GENERATE_SWIFT_ASSET_SYMBOL_EXTENSIONS = YES;
				CLANG_ANALYZER_LOCALIZABILITY_NONLOCALIZED = YES;
				CLANG_ANALYZER_NONNULL = YES;
				CLANG_ANALYZER_NUMBER_OBJECT_CONVERSION = YES_AGGRESSIVE;
				CLANG_CXX_LANGUAGE_STANDARD = "gnu++20";
				CLANG_ENABLE_MODULES = YES;
				CLANG_ENABLE_OBJC_ARC = YES;
				CLANG_ENABLE_OBJC_WEAK = YES;
				CLANG_WARN_BLOCK_CAPTURE_AUTORELEASING = YES;
				CLANG_WARN_BOOL_CONVERSION = YES;
				CLANG_WARN_COMMA = YES;
				CLANG_WARN_CONSTANT_CONVERSION = YES;
				CLANG_WARN_DEPRECATED_OBJC_IMPLEMENTATIONS = YES;
				CLANG_WARN_DIRECT_OBJC_ISA_USAGE = YES_ERROR;
				CLANG_WARN_DOCUMENTATION_COMMENTS = YES;
				CLANG_WARN_EMPTY_BODY = YES;
				CLANG_WARN_ENUM_CONVERSION = YES;
				CLANG_WARN_INFINITE_RECURSION = YES;
				CLANG_WARN_INT_CONVERSION = YES;
				CLANG_WARN_NON_LITERAL_NULL_CONVERSION = YES;
				CLANG_WARN_OBJC_IMPLICIT_RETAIN_SELF = YES;
				CLANG_WARN_OBJC_LITERAL_CONVERSION = YES;
				CLANG_WARN_OBJC_ROOT_CLASS = YES_ERROR;
				CLANG_WARN_QUOTED_INCLUDE_IN_FRAMEWORK_HEADER = YES;
				CLANG_WARN_RANGE_LOOP_ANALYSIS = YES;
				CLANG_WARN_STRICT_PROTOTYPES = YES;
				CLANG_WARN_SUSPICIOUS_MOVE = YES;
				CLANG_WARN_UNGUARDED_AVAILABILITY = YES_AGGRESSIVE;
				CLANG_WARN_UNREACHABLE_CODE = YES;
				CLANG_WARN__DUPLICATE_METHOD_MATCH = YES;
				COPY_PHASE_STRIP = NO;
				DEBUG_INFORMATION_FORMAT = dwarf;
				ENABLE_STRICT_OBJC_MSGSEND = YES;
				ENABLE_TESTABILITY = YES;
				ENABLE_USER_SCRIPT_SANDBOXING = YES;
				GCC_C_LANGUAGE_STANDARD = gnu17;
				GCC_DYNAMIC_NO_PIC = NO;
				GCC_NO_COMMON_BLOCKS = YES;
				GCC_OPTIMIZATION_LEVEL = 0;
				GCC_PREPROCESSOR_DEFINITIONS = (
					"DEBUG=1",
					"$(inherited)",
				);
				GCC_WARN_64_TO_32_BIT_CONVERSION = YES;
				GCC_WARN_ABOUT_RETURN_TYPE = YES_ERROR;
				GCC_WARN_UNDECLARED_SELECTOR = YES;
				GCC_WARN_UNINITIALIZED_AUTOS = YES_AGGRESSIVE;
				GCC_WARN_UNUSED_FUNCTION = YES;
				GCC_WARN_UNUSED_VARIABLE = YES;
				IPHONEOS_DEPLOYMENT_TARGET = 17.0;
				LOCALIZATION_PREFERS_STRING_CATALOGS = YES;
				MTL_ENABLE_DEBUG_INFO = INCLUDE_SOURCE;
				MTL_FAST_MATH = YES;
				ONLY_ACTIVE_ARCH = YES;
				SDKROOT = iphoneos;
				SWIFT_ACTIVE_COMPILATION_CONDITIONS = "DEBUG $(inherited)";
				SWIFT_OPTIMIZATION_LEVEL = "-Onone";
			};
			name = Debug;
		};
		9E6F9E062A4BC436009B72DC /* Release */ = {
			isa = XCBuildConfiguration;
			buildSettings = {
				ALWAYS_SEARCH_USER_PATHS = NO;
				ASSETCATALOG_COMPILER_GENERATE_SWIFT_ASSET_SYMBOL_EXTENSIONS = YES;
				CLANG_ANALYZER_LOCALIZABILITY_NONLOCALIZED = YES;
				CLANG_ANALYZER_NONNULL = YES;
				CLANG_ANALYZER_NUMBER_OBJECT_CONVERSION = YES_AGGRESSIVE;
				CLANG_CXX_LANGUAGE_STANDARD = "gnu++20";
				CLANG_ENABLE_MODULES = YES;
				CLANG_ENABLE_OBJC_ARC = YES;
				CLANG_ENABLE_OBJC_WEAK = YES;
				CLANG_WARN_BLOCK_CAPTURE_AUTORELEASING = YES;
				CLANG_WARN_BOOL_CONVERSION = YES;
				CLANG_WARN_COMMA = YES;
				CLANG_WARN_CONSTANT_CONVERSION = YES;
				CLANG_WARN_DEPRECATED_OBJC_IMPLEMENTATIONS = YES;
				CLANG_WARN_DIRECT_OBJC_ISA_USAGE = YES_ERROR;
				CLANG_WARN_DOCUMENTATION_COMMENTS = YES;
				CLANG_WARN_EMPTY_BODY = YES;
				CLANG_WARN_ENUM_CONVERSION = YES;
				CLANG_WARN_INFINITE_RECURSION = YES;
				CLANG_WARN_INT_CONVERSION = YES;
				CLANG_WARN_NON_LITERAL_NULL_CONVERSION = YES;
				CLANG_WARN_OBJC_IMPLICIT_RETAIN_SELF = YES;
				CLANG_WARN_OBJC_LITERAL_CONVERSION = YES;
				CLANG_WARN_OBJC_ROOT_CLASS = YES_ERROR;
				CLANG_WARN_QUOTED_INCLUDE_IN_FRAMEWORK_HEADER = YES;
				CLANG_WARN_RANGE_LOOP_ANALYSIS = YES;
				CLANG_WARN_STRICT_PROTOTYPES = YES;
				CLANG_WARN_SUSPICIOUS_MOVE = YES;
				CLANG_WARN_UNGUARDED_AVAILABILITY = YES_AGGRESSIVE;
				CLANG_WARN_UNREACHABLE_CODE = YES;
				CLANG_WARN__DUPLICATE_METHOD_MATCH = YES;
				COPY_PHASE_STRIP = NO;
				DEBUG_INFORMATION_FORMAT = "dwarf-with-dsym";
				ENABLE_NS_ASSERTIONS = NO;
				ENABLE_STRICT_OBJC_MSGSEND = YES;
				ENABLE_USER_SCRIPT_SANDBOXING = YES;
				GCC_C_LANGUAGE_STANDARD = gnu17;
				GCC_NO_COMMON_BLOCKS = YES;
				GCC_WARN_64_TO_32_BIT_CONVERSION = YES;
				GCC_WARN_ABOUT_RETURN_TYPE = YES_ERROR;
				GCC_WARN_UNDECLARED_SELECTOR = YES;
				GCC_WARN_UNINITIALIZED_AUTOS = YES_AGGRESSIVE;
				GCC_WARN_UNUSED_FUNCTION = YES;
				GCC_WARN_UNUSED_VARIABLE = YES;
				IPHONEOS_DEPLOYMENT_TARGET = 17.0;
				LOCALIZATION_PREFERS_STRING_CATALOGS = YES;
				MTL_ENABLE_DEBUG_INFO = NO;
				MTL_FAST_MATH = YES;
				SDKROOT = iphoneos;
				SWIFT_COMPILATION_MODE = wholemodule;
				VALIDATE_PRODUCT = YES;
			};
			name = Release;
		};
		9E6F9E082A4BC436009B72DC /* Debug */ = {
			isa = XCBuildConfiguration;
			baseConfigurationReference = 1C78EE6BAC6DDC6A8A124D5F /* Pods-ChurchNotes.debug.xcconfig */;
			buildSettings = {
				ASSETCATALOG_COMPILER_APPICON_NAME = AppIcon;
				ASSETCATALOG_COMPILER_GLOBAL_ACCENT_COLOR_NAME = AccentColor;
				ASSETCATALOG_COMPILER_INCLUDE_ALL_APPICON_ASSETS = NO;
				CODE_SIGN_ENTITLEMENTS = ChurchNotes/ChurchNotes.entitlements;
				CODE_SIGN_IDENTITY = "Apple Development";
				CODE_SIGN_STYLE = Automatic;
				CURRENT_PROJECT_VERSION = 6;
				DEVELOPMENT_ASSET_PATHS = "\"ChurchNotes/Preview Content\"";
				DEVELOPMENT_TEAM = Z2WGFBM7LC;
				ENABLE_PREVIEWS = YES;
				ENABLE_USER_SCRIPT_SANDBOXING = NO;
				GCC_WARN_64_TO_32_BIT_CONVERSION = YES;
				GENERATE_INFOPLIST_FILE = YES;
				INFOPLIST_FILE = ChurchNotes/Info.plist;
				INFOPLIST_KEY_CFBundleDisplayName = PrayerNavigator;
				INFOPLIST_KEY_LSApplicationCategoryType = "public.app-category.social-networking";
				INFOPLIST_KEY_NSCameraUsageDescription = "Allow to use your camera.";
				INFOPLIST_KEY_NSMicrophoneUsageDescription = "Allow to record videos.";
				INFOPLIST_KEY_NSPhotoLibraryUsageDescription = "Accept to add photos.";
				INFOPLIST_KEY_UIApplicationSupportsIndirectInputEvents = YES;
				INFOPLIST_KEY_UIStatusBarHidden = YES;
				INFOPLIST_KEY_UISupportedInterfaceOrientations = UIInterfaceOrientationPortrait;
				INFOPLIST_KEY_UISupportedInterfaceOrientations_iPad = "UIInterfaceOrientationLandscapeLeft UIInterfaceOrientationLandscapeRight UIInterfaceOrientationPortrait UIInterfaceOrientationPortraitUpsideDown";
				IPHONEOS_DEPLOYMENT_TARGET = 17.0;
				LD_RUNPATH_SEARCH_PATHS = (
					"$(inherited)",
					"@executable_path/Frameworks",
				);
				MARKETING_VERSION = 1.1.8;
				PRODUCT_BUNDLE_IDENTIFIER = com.molanter.PrayerNavigator;
				PRODUCT_NAME = "$(TARGET_NAME)";
				PROVISIONING_PROFILE_SPECIFIER = "";
				SUPPORTED_PLATFORMS = "iphoneos iphonesimulator";
				SUPPORTS_MACCATALYST = NO;
				SUPPORTS_MAC_DESIGNED_FOR_IPHONE_IPAD = NO;
				SUPPORTS_XR_DESIGNED_FOR_IPHONE_IPAD = NO;
				SWIFT_EMIT_LOC_STRINGS = YES;
				SWIFT_VERSION = 5.0;
				TARGETED_DEVICE_FAMILY = 1;
			};
			name = Debug;
		};
		9E6F9E092A4BC436009B72DC /* Release */ = {
			isa = XCBuildConfiguration;
			baseConfigurationReference = 43AE1F4A98A64DDA7A4A95DB /* Pods-ChurchNotes.release.xcconfig */;
			buildSettings = {
				ASSETCATALOG_COMPILER_APPICON_NAME = AppIcon;
				ASSETCATALOG_COMPILER_GLOBAL_ACCENT_COLOR_NAME = AccentColor;
				ASSETCATALOG_COMPILER_INCLUDE_ALL_APPICON_ASSETS = NO;
				CODE_SIGN_ENTITLEMENTS = ChurchNotes/ChurchNotes.entitlements;
				CODE_SIGN_IDENTITY = "Apple Development";
				CODE_SIGN_STYLE = Automatic;
				CURRENT_PROJECT_VERSION = 6;
				DEVELOPMENT_ASSET_PATHS = "\"ChurchNotes/Preview Content\"";
				DEVELOPMENT_TEAM = Z2WGFBM7LC;
				ENABLE_PREVIEWS = YES;
				ENABLE_USER_SCRIPT_SANDBOXING = NO;
				GCC_WARN_64_TO_32_BIT_CONVERSION = YES;
				GENERATE_INFOPLIST_FILE = YES;
				INFOPLIST_FILE = ChurchNotes/Info.plist;
				INFOPLIST_KEY_CFBundleDisplayName = PrayerNavigator;
				INFOPLIST_KEY_LSApplicationCategoryType = "public.app-category.social-networking";
				INFOPLIST_KEY_NSCameraUsageDescription = "Allow to use your camera.";
				INFOPLIST_KEY_NSMicrophoneUsageDescription = "Allow to record videos.";
				INFOPLIST_KEY_NSPhotoLibraryUsageDescription = "Accept to add photos.";
				INFOPLIST_KEY_UIApplicationSupportsIndirectInputEvents = YES;
				INFOPLIST_KEY_UIStatusBarHidden = YES;
				INFOPLIST_KEY_UISupportedInterfaceOrientations = UIInterfaceOrientationPortrait;
				INFOPLIST_KEY_UISupportedInterfaceOrientations_iPad = "UIInterfaceOrientationLandscapeLeft UIInterfaceOrientationLandscapeRight UIInterfaceOrientationPortrait UIInterfaceOrientationPortraitUpsideDown";
				IPHONEOS_DEPLOYMENT_TARGET = 17.0;
				LD_RUNPATH_SEARCH_PATHS = (
					"$(inherited)",
					"@executable_path/Frameworks",
				);
				MARKETING_VERSION = 1.1.8;
				PRODUCT_BUNDLE_IDENTIFIER = com.molanter.PrayerNavigator;
				PRODUCT_NAME = "$(TARGET_NAME)";
				PROVISIONING_PROFILE_SPECIFIER = "";
				SUPPORTED_PLATFORMS = "iphoneos iphonesimulator";
				SUPPORTS_MACCATALYST = NO;
				SUPPORTS_MAC_DESIGNED_FOR_IPHONE_IPAD = NO;
				SUPPORTS_XR_DESIGNED_FOR_IPHONE_IPAD = NO;
				SWIFT_EMIT_LOC_STRINGS = YES;
				SWIFT_VERSION = 5.0;
				TARGETED_DEVICE_FAMILY = 1;
			};
			name = Release;
		};
		9E7282DF2A57439A004D6483 /* Debug */ = {
			isa = XCBuildConfiguration;
			buildSettings = {
				ASSETCATALOG_COMPILER_GLOBAL_ACCENT_COLOR_NAME = AccentColor;
				ASSETCATALOG_COMPILER_WIDGET_BACKGROUND_COLOR_NAME = WidgetBackground;
				CODE_SIGN_ENTITLEMENTS = WidgetExtension.entitlements;
				CODE_SIGN_STYLE = Automatic;
				CURRENT_PROJECT_VERSION = 1;
				DEVELOPMENT_TEAM = Z2WGFBM7LC;
				GENERATE_INFOPLIST_FILE = YES;
				INFOPLIST_FILE = Widget/Info.plist;
				INFOPLIST_KEY_CFBundleDisplayName = Widget;
				INFOPLIST_KEY_NSHumanReadableCopyright = "";
				LD_RUNPATH_SEARCH_PATHS = (
					"$(inherited)",
					"@executable_path/Frameworks",
					"@executable_path/../../Frameworks",
				);
				MARKETING_VERSION = 1.0;
				PRODUCT_BUNDLE_IDENTIFIER = com.molanter.ChurchNotes.Widget;
				PRODUCT_NAME = "$(TARGET_NAME)";
				SKIP_INSTALL = YES;
				SUPPORTED_PLATFORMS = "iphoneos iphonesimulator";
				SUPPORTS_MACCATALYST = NO;
				SUPPORTS_MAC_DESIGNED_FOR_IPHONE_IPAD = NO;
				SUPPORTS_XR_DESIGNED_FOR_IPHONE_IPAD = NO;
				SWIFT_EMIT_LOC_STRINGS = YES;
				SWIFT_VERSION = 5.0;
				TARGETED_DEVICE_FAMILY = "1,2";
			};
			name = Debug;
		};
		9E7282E02A57439A004D6483 /* Release */ = {
			isa = XCBuildConfiguration;
			buildSettings = {
				ASSETCATALOG_COMPILER_GLOBAL_ACCENT_COLOR_NAME = AccentColor;
				ASSETCATALOG_COMPILER_WIDGET_BACKGROUND_COLOR_NAME = WidgetBackground;
				CODE_SIGN_ENTITLEMENTS = WidgetExtension.entitlements;
				CODE_SIGN_STYLE = Automatic;
				CURRENT_PROJECT_VERSION = 1;
				DEVELOPMENT_TEAM = Z2WGFBM7LC;
				GENERATE_INFOPLIST_FILE = YES;
				INFOPLIST_FILE = Widget/Info.plist;
				INFOPLIST_KEY_CFBundleDisplayName = Widget;
				INFOPLIST_KEY_NSHumanReadableCopyright = "";
				LD_RUNPATH_SEARCH_PATHS = (
					"$(inherited)",
					"@executable_path/Frameworks",
					"@executable_path/../../Frameworks",
				);
				MARKETING_VERSION = 1.0;
				PRODUCT_BUNDLE_IDENTIFIER = com.molanter.ChurchNotes.Widget;
				PRODUCT_NAME = "$(TARGET_NAME)";
				SKIP_INSTALL = YES;
				SUPPORTED_PLATFORMS = "iphoneos iphonesimulator";
				SUPPORTS_MACCATALYST = NO;
				SUPPORTS_MAC_DESIGNED_FOR_IPHONE_IPAD = NO;
				SUPPORTS_XR_DESIGNED_FOR_IPHONE_IPAD = NO;
				SWIFT_EMIT_LOC_STRINGS = YES;
				SWIFT_VERSION = 5.0;
				TARGETED_DEVICE_FAMILY = "1,2";
			};
			name = Release;
		};
/* End XCBuildConfiguration section */

/* Begin XCConfigurationList section */
		9E6F9DF22A4BC435009B72DC /* Build configuration list for PBXProject "ChurchNotes" */ = {
			isa = XCConfigurationList;
			buildConfigurations = (
				9E6F9E052A4BC436009B72DC /* Debug */,
				9E6F9E062A4BC436009B72DC /* Release */,
			);
			defaultConfigurationIsVisible = 0;
			defaultConfigurationName = Debug;
		};
		9E6F9E072A4BC436009B72DC /* Build configuration list for PBXNativeTarget "ChurchNotes" */ = {
			isa = XCConfigurationList;
			buildConfigurations = (
				9E6F9E082A4BC436009B72DC /* Debug */,
				9E6F9E092A4BC436009B72DC /* Release */,
			);
			defaultConfigurationIsVisible = 0;
			defaultConfigurationName = Debug;
		};
		9E7282DE2A57439A004D6483 /* Build configuration list for PBXNativeTarget "WidgetExtension" */ = {
			isa = XCConfigurationList;
			buildConfigurations = (
				9E7282DF2A57439A004D6483 /* Debug */,
				9E7282E02A57439A004D6483 /* Release */,
			);
			defaultConfigurationIsVisible = 0;
			defaultConfigurationName = Debug;
		};
/* End XCConfigurationList section */

/* Begin XCRemoteSwiftPackageReference section */
		9E5661952AE5EC700076591B /* XCRemoteSwiftPackageReference "firebase-ios-sdk" */ = {
			isa = XCRemoteSwiftPackageReference;
			repositoryURL = "https://github.com/firebase/firebase-ios-sdk";
			requirement = {
				kind = upToNextMajorVersion;
				minimumVersion = 10.16.0;
			};
		};
		9E6830A02A5F0B09000AB299 /* XCRemoteSwiftPackageReference "iPhoneNumberField" */ = {
			isa = XCRemoteSwiftPackageReference;
			repositoryURL = "https://github.com/MojtabaHs/iPhoneNumberField";
			requirement = {
				kind = upToNextMajorVersion;
				minimumVersion = 0.10.1;
			};
		};
		9E6D327C2AF5534400B65178 /* XCRemoteSwiftPackageReference "OAuth2" */ = {
			isa = XCRemoteSwiftPackageReference;
			repositoryURL = "https://github.com/p2/OAuth2";
			requirement = {
				kind = upToNextMajorVersion;
				minimumVersion = 5.3.2;
			};
		};
		9E99AF4E2A5F5E9800806282 /* XCRemoteSwiftPackageReference "iPhoneNumberField" */ = {
			isa = XCRemoteSwiftPackageReference;
			repositoryURL = "https://github.com/MojtabaHs/iPhoneNumberField";
			requirement = {
				kind = upToNextMajorVersion;
				minimumVersion = 0.10.1;
			};
		};
		9E9F659C2AE5F83B00FF743A /* XCRemoteSwiftPackageReference "GoogleSignIn-iOS" */ = {
			isa = XCRemoteSwiftPackageReference;
			repositoryURL = "https://github.com/google/GoogleSignIn-iOS";
			requirement = {
				kind = upToNextMajorVersion;
				minimumVersion = 7.0.0;
			};
		};
/* End XCRemoteSwiftPackageReference section */

/* Begin XCSwiftPackageProductDependency section */
		9E6D327D2AF5550B00B65178 /* OAuth2 */ = {
			isa = XCSwiftPackageProductDependency;
			package = 9E6D327C2AF5534400B65178 /* XCRemoteSwiftPackageReference "OAuth2" */;
			productName = OAuth2;
		};
/* End XCSwiftPackageProductDependency section */
	};
	rootObject = 9E6F9DEF2A4BC435009B72DC /* Project object */;
}
